{
  "name": "homegames",
  "version": "0.5.0",
  "lockfileVersion": 1,
  "requires": true,
  "dependencies": {
    "async-limiter": {
      "version": "1.0.1",
      "resolved": "https://registry.npmjs.org/async-limiter/-/async-limiter-1.0.1.tgz",
      "integrity": "sha512-csOlWGAcRFJaI6m+F2WKdnMKr4HhdhFVBk0H/QbJFMCr+uO2kwohwXQPxw/9OCxp05r5ghVBFSyioixx3gfkNQ=="
    },
    "squishjs": {
      "version": "0.6.2",
      "resolved": "https://registry.npmjs.org/squishjs/-/squishjs-0.6.2.tgz",
      "integrity": "sha512-VS2j/jKdu4j8Tk/0uFJR7+YEL8uYi3dVQ4Z8jbu2jtMWhgQS+Q4adPW1wjWqF3R0yqf5/QBv99Ms+JTnE0on3g=="
    },
    "ws": {
      "version": "5.2.1",
      "resolved": "https://registry.npmjs.org/ws/-/ws-5.2.1.tgz",
      "integrity": "sha512-2NkHdPKjDBj3CHdnAGNpmlliryKqF+n9MYXX7/wsVC4yqYocKreKNjydPDvT3wShAZnndlM0RytEfTALCDvz7A==",
      "requires": {
        "async-limiter": "~1.0.0"
      }
    }
  }
}
