{
  "name": "homegames",
  "version": "0.4.20",
  "lockfileVersion": 1,
  "requires": true,
  "dependencies": {
    "async-limiter": {
      "version": "1.0.1",
      "resolved": "https://registry.npmjs.org/async-limiter/-/async-limiter-1.0.1.tgz",
      "integrity": "sha512-csOlWGAcRFJaI6m+F2WKdnMKr4HhdhFVBk0H/QbJFMCr+uO2kwohwXQPxw/9OCxp05r5ghVBFSyioixx3gfkNQ=="
    },
    "squishjs": {
      "version": "0.4.20",
      "resolved": "https://registry.npmjs.org/squishjs/-/squishjs-0.4.20.tgz",
      "integrity": "sha512-HUDATMaPkajrIucLihN3SkuhTE+Dybs6TJ3ia0DDB9F8cixghaAMuqLBbxiqzV6g7AxOBYkLC4ZuxYBWDoG9EA=="
    },
    "ws": {
      "version": "5.2.2",
      "resolved": "https://registry.npmjs.org/ws/-/ws-5.2.2.tgz",
      "integrity": "sha512-jaHFD6PFv6UgoIVda6qZllptQsMlDEJkTQcybzzXDYM1XO9Y8em691FGMPmM46WGyLU4z9KMgQN+qrux/nhlHA==",
      "requires": {
        "async-limiter": "~1.0.0"
      }
    }
  }
}
