{
  "name": "homegames-core",
  "version": "0.5.13",
  "lockfileVersion": 1,
  "requires": true,
  "dependencies": {
    "async-limiter": {
      "version": "1.0.1",
      "resolved": "https://registry.npmjs.org/async-limiter/-/async-limiter-1.0.1.tgz",
      "integrity": "sha512-csOlWGAcRFJaI6m+F2WKdnMKr4HhdhFVBk0H/QbJFMCr+uO2kwohwXQPxw/9OCxp05r5ghVBFSyioixx3gfkNQ=="
    },
    "squish-061": {
      "version": "npm:squishjs@0.6.1",
      "resolved": "https://registry.npmjs.org/squishjs/-/squishjs-0.6.1.tgz",
      "integrity": "sha512-+G7u4Q0z/WjlWoLJdFQahCMAMOYHcuFkgJKmgJJNaLVd0hOaTxQtVQSoaTgbi7sghGw3Mqi5+VF6MIShSxSBMA=="
    },
    "squish-063": {
      "version": "npm:squishjs@0.6.3",
      "resolved": "https://registry.npmjs.org/squishjs/-/squishjs-0.6.3.tgz",
      "integrity": "sha512-gMFeBeVC1vDwADPL8NbAvuXQtgH1HyI3owoz9TYzd9IuScLntgaXu3a5tt75oDFOST01SQJtATRRuDgkvcooDw=="
    },
    "squish-0631": {
      "version": "npm:squishjs@0.6.31",
      "resolved": "https://registry.npmjs.org/squishjs/-/squishjs-0.6.31.tgz",
      "integrity": "sha512-mJUHarhdG693e2xDRv5KiUtuNooDK6Bo5p5SDqzsuWD6yJNzMKUfJUUF9WbMSNO+52V+KChQT0UePVJJzaGKWA=="
    },
    "squish-0632": {
      "version": "npm:squishjs@0.6.32",
      "resolved": "https://registry.npmjs.org/squishjs/-/squishjs-0.6.32.tgz",
      "integrity": "sha512-9CZS/y+OhpepoFqiuCe4/WyP1M8fXdgT4I3BKtwTO6E6OOQ9w6SEgi/Qo9hxa2GMQtszgXYPyGhuq8P64kbbQg=="
    },
    "squish-0633": {
      "version": "npm:squishjs@0.6.33",
      "resolved": "https://registry.npmjs.org/squishjs/-/squishjs-0.6.33.tgz",
      "integrity": "sha512-HS0wnh3kjS0VLYg0iNbYqOSbVOolU4d9EVF+7vg+UAAONmgQYVUs0yvMyvCz8GN0PXciM9sbO1P4AXfqBIoItQ=="
    },
    "squish-latest": {
      "version": "npm:squishjs@0.6.3",
      "resolved": "https://registry.npmjs.org/squishjs/-/squishjs-0.6.3.tgz",
      "integrity": "sha512-gMFeBeVC1vDwADPL8NbAvuXQtgH1HyI3owoz9TYzd9IuScLntgaXu3a5tt75oDFOST01SQJtATRRuDgkvcooDw=="
    },
    "ws": {
      "version": "5.2.1",
      "resolved": "https://registry.npmjs.org/ws/-/ws-5.2.1.tgz",
      "integrity": "sha512-2NkHdPKjDBj3CHdnAGNpmlliryKqF+n9MYXX7/wsVC4yqYocKreKNjydPDvT3wShAZnndlM0RytEfTALCDvz7A==",
      "requires": {
        "async-limiter": "~1.0.0"
      }
    }
  }
}
